
Microsoft Visual Studio Solution File, Format Version 12.00
# Visual Studio 15
VisualStudioVersion = 15.0.27703.2018
MinimumVisualStudioVersion = 10.0.40219.1
Project("{FAE04EC0-301F-11D3-BF4B-00C04F79EFBC}") = "TravelYourWay", "TravelYourWay\TravelYourWay.csproj", "{739B81EE-5B15-4C02-84AC-7F8EFA743588}"
EndProject
Global
	GlobalSection(SolutionConfigurationPlatforms) = preSolution
		Debug|Any CPU = Debug|Any CPU
		Release|Any CPU = Release|Any CPU
	EndGlobalSection
	GlobalSection(ProjectConfigurationPlatforms) = postSolution
		{739B81EE-5B15-4C02-84AC-7F8EFA743588}.Debug|Any CPU.ActiveCfg = Debug|Any CPU
		{739B81EE-5B15-4C02-84AC-7F8EFA743588}.Debug|Any CPU.Build.0 = Debug|Any CPU
		{739B81EE-5B15-4C02-84AC-7F8EFA743588}.Release|Any CPU.ActiveCfg = Release|Any CPU
		{739B81EE-5B15-4C02-84AC-7F8EFA743588}.Release|Any CPU.Build.0 = Release|Any CPU
	EndGlobalSection
	GlobalSection(SolutionProperties) = preSolution
		HideSolutionNode = FALSE
	EndGlobalSection
	GlobalSection(ExtensibilityGlobals) = postSolution
		SolutionGuid = {94B6BF4F-5098-4259-9AE5-BDC17794CF18}
	EndGlobalSection
EndGlobal
